
Microsoft Visual Studio Solution File, Format Version 12.00
# Visual Studio Version 17
VisualStudioVersion = 17.2.32519.379
MinimumVisualStudioVersion = 10.0.40219.1
Project("{FAE04EC0-301F-11D3-BF4B-00C04F79EFBC}") = "pryElRobleBebidas", "pryElRobleBebidas\pryElRobleBebidas.csproj", "{DF2FC1D1-A8DE-4B83-9A19-4549BC3FBB2F}"
EndProject
Global
	GlobalSection(SolutionConfigurationPlatforms) = preSolution
		Debug|Any CPU = Debug|Any CPU
		Release|Any CPU = Release|Any CPU
	EndGlobalSection
	GlobalSection(ProjectConfigurationPlatforms) = postSolution
		{DF2FC1D1-A8DE-4B83-9A19-4549BC3FBB2F}.Debug|Any CPU.ActiveCfg = Debug|Any CPU
		{DF2FC1D1-A8DE-4B83-9A19-4549BC3FBB2F}.Debug|Any CPU.Build.0 = Debug|Any CPU
		{DF2FC1D1-A8DE-4B83-9A19-4549BC3FBB2F}.Release|Any CPU.ActiveCfg = Release|Any CPU
		{DF2FC1D1-A8DE-4B83-9A19-4549BC3FBB2F}.Release|Any CPU.Build.0 = Release|Any CPU
	EndGlobalSection
	GlobalSection(SolutionProperties) = preSolution
		HideSolutionNode = FALSE
	EndGlobalSection
	GlobalSection(ExtensibilityGlobals) = postSolution
		SolutionGuid = {26FE63C9-4665-4AED-8776-EA4D9513BCB2}
	EndGlobalSection
EndGlobal
